
Microsoft Visual Studio Solution File, Format Version 12.00
# Visual Studio 15
VisualStudioVersion = 15.0.28307.572
MinimumVisualStudioVersion = 10.0.40219.1
Project("{FAE04EC0-301F-11D3-BF4B-00C04F79EFBC}") = "Geometry1", "Geometry1\Geometry1.csproj", "{1AD6D7AF-D927-4836-92B7-56743AFD4B1D}"
EndProject
Project("{FAE04EC0-301F-11D3-BF4B-00C04F79EFBC}") = "FigureLibary", "FigureLibary\FigureLibary.csproj", "{90AB67A2-B8BF-4C33-9F38-6A94F436062C}"
EndProject
Project("{FAE04EC0-301F-11D3-BF4B-00C04F79EFBC}") = "UnitTestFigureLibary", "UnitTestFigureLibary\UnitTestFigureLibary.csproj", "{8F58BB0B-F3E4-4704-8094-8D5E06E3A20D}"
EndProject
Global
	GlobalSection(SolutionConfigurationPlatforms) = preSolution
		Debug|Any CPU = Debug|Any CPU
		Release|Any CPU = Release|Any CPU
	EndGlobalSection
	GlobalSection(ProjectConfigurationPlatforms) = postSolution
		{1AD6D7AF-D927-4836-92B7-56743AFD4B1D}.Debug|Any CPU.ActiveCfg = Debug|Any CPU
		{1AD6D7AF-D927-4836-92B7-56743AFD4B1D}.Debug|Any CPU.Build.0 = Debug|Any CPU
		{1AD6D7AF-D927-4836-92B7-56743AFD4B1D}.Release|Any CPU.ActiveCfg = Release|Any CPU
		{1AD6D7AF-D927-4836-92B7-56743AFD4B1D}.Release|Any CPU.Build.0 = Release|Any CPU
		{90AB67A2-B8BF-4C33-9F38-6A94F436062C}.Debug|Any CPU.ActiveCfg = Debug|Any CPU
		{90AB67A2-B8BF-4C33-9F38-6A94F436062C}.Debug|Any CPU.Build.0 = Debug|Any CPU
		{90AB67A2-B8BF-4C33-9F38-6A94F436062C}.Release|Any CPU.ActiveCfg = Release|Any CPU
		{90AB67A2-B8BF-4C33-9F38-6A94F436062C}.Release|Any CPU.Build.0 = Release|Any CPU
		{8F58BB0B-F3E4-4704-8094-8D5E06E3A20D}.Debug|Any CPU.ActiveCfg = Debug|Any CPU
		{8F58BB0B-F3E4-4704-8094-8D5E06E3A20D}.Debug|Any CPU.Build.0 = Debug|Any CPU
		{8F58BB0B-F3E4-4704-8094-8D5E06E3A20D}.Release|Any CPU.ActiveCfg = Release|Any CPU
		{8F58BB0B-F3E4-4704-8094-8D5E06E3A20D}.Release|Any CPU.Build.0 = Release|Any CPU
	EndGlobalSection
	GlobalSection(SolutionProperties) = preSolution
		HideSolutionNode = FALSE
	EndGlobalSection
	GlobalSection(ExtensibilityGlobals) = postSolution
		SolutionGuid = {58C4AE63-7ADC-40CD-A39D-F1B88ABECFF0}
	EndGlobalSection
EndGlobal
